github.com/gomarkdown/markdown v0.0.0-20200609195525-3f9352745725 h1:X6sZdr+t2E2jwajTy/FfXbmAKPFTYxEq9hiFgzMiuPQ=
github.com/gomarkdown/markdown v0.0.0-20200609195525-3f9352745725/go.mod h1:aii0r/K0ZnHv7G0KF7xy1v0A7s2Ljrb5byB7MO5p6TU=
github.com/joho/dotenv v1.0.2 h1:yiZp49oImYr1q/n0x55vqvj7D2ShYW5199tlh+v8yC8=
github.com/joho/dotenv v2.2.0+incompatible h1:8xL0SRBf5L+fG/f+odAIrUbuZ32Ab60P5Vs2krwH+Hw=
github.com/joho/godotenv v1.3.0 h1:Zjp+RcGpHhGlrMbJzXTrZZPrWj+1vfm90La1wgB6Bhc=
github.com/joho/godotenv v1.3.0/go.mod h1:7hK45KPybAkOC6peb+G5yklZfMxEjkZhHbwpqxOKXbg=
github.com/julienschmidt/httprouter v1.3.0 h1:U0609e9tgbseu3rBINet9P48AI/D3oJs4dN7jwJOQ1U=
github.com/julienschmidt/httprouter v1.3.0/go.mod h1:JR6WtHb+2LUe8TCKY3cZOxFyyO8IZAc4RVcycCCAKdM=
github.com/matryer/is v1.4.0 h1:sosSmIWwkYITGrxZ25ULNDeKiMNzFSr4V/eqBQP0PeE=
github.com/matryer/is v1.4.0/go.mod h1:8I/i5uYgLzgsgEloJE1U6xx5HkBQpAZvepWuujKwMRU=
golang.org/dl v0.0.0-20190829154251-82a15e2f2ead/go.mod h1:IUMfjQLJQd4UTqG1Z90tenwKoCX93Gn3MAQJMOSBsDQ=
